<?xml version="1.0" encoding="utf-8"?>
<Project ToolsVersion="4.0" xmlns="http://schemas.microsoft.com/developer/msbuild/2003">
  <ItemGroup>
    <Filter Include="Archivos de origen">
      <UniqueIdentifier>{4FC737F1-C7A5-4376-A066-2A32D752A2FF}</UniqueIdentifier>
      <Extensions>cpp;c;cc;cxx;c++;cppm;ixx;def;odl;idl;hpj;bat;asm;asmx</Extensions>
    </Filter>
    <Filter Include="Archivos de encabezado">
      <UniqueIdentifier>{93995380-89BD-4b04-88EB-625FBE52EBFB}</UniqueIdentifier>
      <Extensions>h;hh;hpp;hxx;h++;hm;inl;inc;ipp;xsd</Extensions>
    </Filter>
    <Filter Include="Archivos de recursos">
      <UniqueIdentifier>{67DA6AB6-F800-4c08-8B7A-83BB121AAD01}</UniqueIdentifier>
      <Extensions>rc;ico;cur;bmp;dlg;rc2;rct;bin;rgs;gif;jpg;jpeg;jpe;resx;tiff;tif;png;wav;mfcribbon-ms</Extensions>
    </Filter>
    <Filter Include="gameflow">
      <UniqueIdentifier>{33a52c73-d95a-4080-9ceb-97855d8f8ae1}</UniqueIdentifier>
    </Filter>
    <Filter Include="gameobjects">
      <UniqueIdentifier>{ee3d4417-098e-4a79-a880-666b1aa7d092}</UniqueIdentifier>
    </Filter>
    <Filter Include="gameflow\menus">
      <UniqueIdentifier>{8f8fa731-8607-46c8-9df6-5c1b3501e965}</UniqueIdentifier>
    </Filter>
    <Filter Include="gameflow\play">
      <UniqueIdentifier>{17cb2a6a-9e58-4210-be25-e27d83296f5f}</UniqueIdentifier>
    </Filter>
    <Filter Include="gameobjects\ui">
      <UniqueIdentifier>{e35ffae0-f60e-4c08-afd6-75ac47d38604}</UniqueIdentifier>
    </Filter>
    <Filter Include="utils">
      <UniqueIdentifier>{ed1bd332-0b07-4b42-943e-1d46e6940d1b}</UniqueIdentifier>
    </Filter>
  </ItemGroup>
  <ItemGroup>
    <ClInclude Include="gameflow\GameState.h">
      <Filter>gameflow</Filter>
    </ClInclude>
    <ClInclude Include="gameflow\GameStateMachine.h">
      <Filter>gameflow</Filter>
    </ClInclude>
    <ClInclude Include="gameobjects\GameObject.h">
      <Filter>gameobjects</Filter>
    </ClInclude>
    <ClInclude Include="gameobjects\MovingObject.h">
      <Filter>gameobjects</Filter>
    </ClInclude>
    <ClInclude Include="gameobjects\CollisionObject.h">
      <Filter>gameobjects</Filter>
    </ClInclude>
    <ClInclude Include="gameobjects\Entity.h">
      <Filter>gameobjects</Filter>
    </ClInclude>
    <ClInclude Include="gameflow\menus\options\OptionsMenuState.h">
      <Filter>gameflow\menus</Filter>
    </ClInclude>
    <ClInclude Include="gameflow\menus\MainMenuState.h">
      <Filter>gameflow\menus</Filter>
    </ClInclude>
    <ClInclude Include="gameflow\menus\MenuState.h">
      <Filter>gameflow\menus</Filter>
    </ClInclude>
    <ClInclude Include="gameflow\menus\options\MusicOptionsMenuState.h">
      <Filter>gameflow\menus</Filter>
    </ClInclude>
    <ClInclude Include="gameflow\play\JoystickInput.h">
      <Filter>gameflow\play</Filter>
    </ClInclude>
    <ClInclude Include="ui\Button.h">
      <Filter>gameobjects\ui</Filter>
    </ClInclude>
    <ClInclude Include="dependencies\Font.h">
      <Filter>gameobjects\ui</Filter>
    </ClInclude>
    <ClInclude Include="ui\Slider.h">
      <Filter>gameobjects\ui</Filter>
    </ClInclude>
    <ClInclude Include="ui\Text.h">
      <Filter>gameobjects\ui</Filter>
    </ClInclude>
    <ClInclude Include="ui\UIElement.h">
      <Filter>gameobjects</Filter>
    </ClInclude>
    <ClInclude Include="SDLApplication.h" />
    <ClInclude Include="dependencies\Vector2D.h">
      <Filter>utils</Filter>
    </ClInclude>
    <ClInclude Include="loaders\TextureLoader.h">
      <Filter>utils</Filter>
    </ClInclude>
    <ClInclude Include="dependencies\Texture.h">
      <Filter>utils</Filter>
    </ClInclude>
    <ClInclude Include="checkML.h">
      <Filter>utils</Filter>
    </ClInclude>
    <ClInclude Include="dependencies\Exceptions.h">
      <Filter>utils</Filter>
    </ClInclude>
<<<<<<< Updated upstream
=======
    <ClInclude Include="loaders\FontLoader.h">
      <Filter>utils</Filter>
    </ClInclude>
    <ClInclude Include="framework.h">
      <Filter>utils</Filter>
    </ClInclude>
    <ClInclude Include="dependencies\Parser.h">
      <Filter>utils</Filter>
    </ClInclude>
    <ClInclude Include="Resource.h">
      <Filter>utils</Filter>
    </ClInclude>
    <ClInclude Include="targetver.h">
      <Filter>utils</Filter>
    </ClInclude>
>>>>>>> Stashed changes
  </ItemGroup>
  <ItemGroup>
    <ClCompile Include="gameflow\GameState.cpp">
      <Filter>gameflow</Filter>
    </ClCompile>
    <ClCompile Include="gameflow\GameStateMachine.cpp">
      <Filter>gameflow</Filter>
    </ClCompile>
    <ClCompile Include="gameobjects\GameObject.cpp">
      <Filter>gameobjects</Filter>
    </ClCompile>
    <ClCompile Include="gameobjects\CollisionObject.cpp">
      <Filter>gameobjects</Filter>
    </ClCompile>
    <ClCompile Include="gameobjects\MovingObject.cpp">
      <Filter>gameobjects</Filter>
    </ClCompile>
    <ClCompile Include="gameobjects\Entity.cpp">
      <Filter>gameobjects</Filter>
    </ClCompile>
    <ClCompile Include="gameflow\menus\options\OptionsMenuState.cpp">
      <Filter>gameflow\menus</Filter>
    </ClCompile>
    <ClCompile Include="gameflow\menus\MainMenuState.cpp">
      <Filter>gameflow\menus</Filter>
    </ClCompile>
    <ClCompile Include="gameflow\menus\MenuState.cpp">
      <Filter>gameflow\menus</Filter>
    </ClCompile>
    <ClCompile Include="gameflow\menus\options\MusicOptionsMenuState.cpp">
      <Filter>gameflow\menus</Filter>
    </ClCompile>
    <ClCompile Include="gameflow\play\JoystickInput.cpp">
      <Filter>gameflow\play</Filter>
    </ClCompile>
    <ClCompile Include="ui\Text.cpp">
      <Filter>gameobjects\ui</Filter>
    </ClCompile>
    <ClCompile Include="ui\Slider.cpp">
      <Filter>gameobjects\ui</Filter>
    </ClCompile>
    <ClCompile Include="ui\Button.cpp">
      <Filter>gameobjects\ui</Filter>
    </ClCompile>
    <ClCompile Include="dependencies\Font.cpp">
      <Filter>gameobjects\ui</Filter>
    </ClCompile>
    <ClCompile Include="loaders\FontLoader.cpp">
      <Filter>utils</Filter>
    </ClCompile>
    <ClCompile Include="dependencies\Texture.cpp">
      <Filter>utils</Filter>
    </ClCompile>
<<<<<<< Updated upstream
    <ClCompile Include="dependencies\Vector2D.cpp">
      <Filter>Archivos de origen</Filter>
    </ClCompile>
    <ClCompile Include="main.cpp">
      <Filter>Archivos de origen</Filter>
    </ClCompile>
    <ClCompile Include="SDLApplication.cpp">
      <Filter>Archivos de origen</Filter>
    </ClCompile>
=======
    <ClCompile Include="loaders\TextureLoader.cpp">
      <Filter>utils</Filter>
    </ClCompile>
    <ClCompile Include="dependencies\Vector2D.cpp">
      <Filter>utils</Filter>
    </ClCompile>
    <ClCompile Include="ui\UIElement.cpp">
      <Filter>gameobjects</Filter>
    </ClCompile>
    <ClCompile Include="SDLApplication.cpp" />
    <ClCompile Include="dependencies\Parser.cpp" />
    <ClCompile Include="main.cpp" />
>>>>>>> Stashed changes
  </ItemGroup>
  <ItemGroup>
    <ResourceCompile Include="Ott - An Elemental Journey.rc">
      <Filter>Archivos de recursos</Filter>
    </ResourceCompile>
  </ItemGroup>
  <ItemGroup>
    <Image Include="small.ico">
      <Filter>Archivos de recursos</Filter>
    </Image>
    <Image Include="Ott - An Elemental Journey.ico">
      <Filter>Archivos de recursos</Filter>
    </Image>
  </ItemGroup>
</Project>