<?xml version="1.0" encoding="utf-8"?>
<Project ToolsVersion="4.0" xmlns="http://schemas.microsoft.com/developer/msbuild/2003">
  <ItemGroup>
    <ClCompile Include="gameflow\menus\options\ControlMenuState.cpp" />
    <ClCompile Include="gameflow\menus\PauseMenuState.cpp" />
    <ClCompile Include="gameflow\play\PlayState.cpp" />
    <ClCompile Include="dependencies\Font.cpp" />
    <ClCompile Include="dependencies\Parser.cpp" />
    <ClCompile Include="dependencies\Texture.cpp" />
    <ClCompile Include="dependencies\Vector2D.cpp" />
    <ClCompile Include="gameflow\GameState.cpp" />
    <ClCompile Include="gameflow\GameStateMachine.cpp" />
    <ClCompile Include="gameflow\menus\MainMenuState.cpp" />
    <ClCompile Include="gameflow\menus\MenuState.cpp" />
    <ClCompile Include="gameflow\menus\options\MusicOptionsMenuState.cpp" />
    <ClCompile Include="gameflow\menus\options\OptionsMenuState.cpp" />
    <ClCompile Include="loaders\FontLoader.cpp" />
    <ClCompile Include="loaders\TextureLoader.cpp" />
    <ClCompile Include="main.cpp" />
    <ClCompile Include="SDLApplication.cpp" />
    <ClCompile Include="ui\Button.cpp" />
    <ClCompile Include="ui\ChargedAttackBar.cpp" />
    <ClCompile Include="ui\HealthBar.cpp" />
    <ClCompile Include="ui\Slider.cpp" />
    <ClCompile Include="ui\UIText.cpp" />
    <ClCompile Include="ui\ScreenDarkener.cpp" />
    <ClCompile Include="utils\Elements.cpp" />
    <ClCompile Include="utils\Trigger.cpp" />
    <ClCompile Include="componentes\Component.cpp" />
    <ClCompile Include="componentes\FramedImage.cpp" />
    <ClCompile Include="componentes\Image.cpp" />
    <ClCompile Include="componentes\Transform.cpp" />
    <ClCompile Include="Src\Manager.cpp" />
    <ClCompile Include="gameobjects\GameObject.cpp" />
    <ClCompile Include="componentes\ButtonComponent.cpp" />
    <ClCompile Include="componentes\RenderButton.cpp" />
    <ClCompile Include="componentes\MapComponent.cpp" />
    <ClCompile Include="componentes\BackgroundImage.cpp" />
  </ItemGroup>
  <ItemGroup>
    <ClInclude Include="checkML.h" />
    <ClInclude Include="gameflow\menus\options\ControlMenuState.h" />
    <ClInclude Include="gameflow\menus\PauseMenuState.h" />
    <ClInclude Include="dependencies\Exceptions.h" />
    <ClInclude Include="dependencies\Font.h" />
    <ClInclude Include="dependencies\Parser.h" />
    <ClInclude Include="dependencies\Texture.h" />
    <ClInclude Include="dependencies\Vector2D.h" />
    <ClInclude Include="framework.h" />
    <ClInclude Include="gameflow\GameState.h" />
    <ClInclude Include="gameflow\GameStateMachine.h" />
    <ClInclude Include="gameflow\menus\MainMenuState.h" />
    <ClInclude Include="gameflow\menus\MenuState.h" />
    <ClInclude Include="gameflow\menus\options\MusicOptionsMenuState.h" />
    <ClInclude Include="gameflow\menus\options\OptionsMenuState.h" />
    <ClInclude Include="loaders\FontLoader.h" />
    <ClInclude Include="loaders\TextureLoader.h" />
    <ClInclude Include="gameflow\play\PlayState.h" />
    <ClInclude Include="Resource.h" />
    <ClInclude Include="SDLApplication.h" />
    <ClInclude Include="targetver.h" />
    <ClInclude Include="ui\Button.h" />
    <ClInclude Include="ui\ChargedAttackBar.h" />
    <ClInclude Include="ui\HealthBar.h" />
    <ClInclude Include="ui\Slider.h" />
    <ClInclude Include="ui\UIElement.h" />
    <ClInclude Include="utils\InputHandler.h" />
    <ClInclude Include="utils\Singleton.h" />
    <ClInclude Include="ui\UIText.h" />
    <ClInclude Include="ui\ScreenDarkener.h" />
    <ClInclude Include="utils\Elements.h" />
    <ClInclude Include="utils\Trigger.h" />
    <ClInclude Include="componentes\Component.h" />
    <ClInclude Include="componentes\FramedImage.h" />
    <ClInclude Include="componentes\Image.h" />
    <ClInclude Include="componentes\Transform.h" />
    <ClInclude Include="Src\ecs.h" />
    <ClInclude Include="Src\Entity.h" />
    <ClInclude Include="Src\Manager.h" />
    <ClInclude Include="gameobjects\GameObject.h" />
    <ClInclude Include="componentes\ButtonComponent.h" />
    <ClInclude Include="componentes\RenderButton.h" />
    <ClInclude Include="componentes\MapComponent.h" />
    <ClInclude Include="componentes\BackgroundImage.h" />
  </ItemGroup>
  <ItemGroup>
    <ResourceCompile Include="Ott - An Elemental Journey.rc" />
  </ItemGroup>
  <ItemGroup>
    <Image Include="Ott - An Elemental Journey.ico" />
    <Image Include="small.ico" />
  </ItemGroup>
</Project>